
Microsoft Visual Studio Solution File, Format Version 12.00
# Visual Studio 15
VisualStudioVersion = 15.0.26124.0
MinimumVisualStudioVersion = 15.0.26124.0
Project("{FAE04EC0-301F-11D3-BF4B-00C04F79EFBC}") = "SuperFundCLI", "SuperFundCLI\SuperFundCLI.csproj", "{3B10B459-CB51-4248-801F-1511FDA1563B}"
EndProject
Project("{FAE04EC0-301F-11D3-BF4B-00C04F79EFBC}") = "SuperFundCLI.Tests", "SuperFundCLI.Tests\SuperFundCLI.Tests.csproj", "{9B85D400-41A8-4EA1-AF28-FC034359DCE4}"
EndProject
Project("{FAE04EC0-301F-11D3-BF4B-00C04F79EFBC}") = "SuperFundTableStorage", "SuperFundTableStorage\SuperFundTableStorage.csproj", "{B42E79BC-B033-4208-8C90-93034E0C4BF9}"
EndProject
Project("{FAE04EC0-301F-11D3-BF4B-00C04F79EFBC}") = "SuperFundAPI", "SuperFundAPI\SuperFundAPI.csproj", "{91A48C24-4B26-4267-B0E4-39B260213035}"
EndProject
Global
	GlobalSection(SolutionConfigurationPlatforms) = preSolution
		Debug|Any CPU = Debug|Any CPU
		Debug|x64 = Debug|x64
		Debug|x86 = Debug|x86
		Release|Any CPU = Release|Any CPU
		Release|x64 = Release|x64
		Release|x86 = Release|x86
	EndGlobalSection
	GlobalSection(SolutionProperties) = preSolution
		HideSolutionNode = FALSE
	EndGlobalSection
	GlobalSection(ProjectConfigurationPlatforms) = postSolution
		{3B10B459-CB51-4248-801F-1511FDA1563B}.Debug|Any CPU.ActiveCfg = Debug|Any CPU
		{3B10B459-CB51-4248-801F-1511FDA1563B}.Debug|Any CPU.Build.0 = Debug|Any CPU
		{3B10B459-CB51-4248-801F-1511FDA1563B}.Debug|x64.ActiveCfg = Debug|Any CPU
		{3B10B459-CB51-4248-801F-1511FDA1563B}.Debug|x64.Build.0 = Debug|Any CPU
		{3B10B459-CB51-4248-801F-1511FDA1563B}.Debug|x86.ActiveCfg = Debug|Any CPU
		{3B10B459-CB51-4248-801F-1511FDA1563B}.Debug|x86.Build.0 = Debug|Any CPU
		{3B10B459-CB51-4248-801F-1511FDA1563B}.Release|Any CPU.ActiveCfg = Release|Any CPU
		{3B10B459-CB51-4248-801F-1511FDA1563B}.Release|Any CPU.Build.0 = Release|Any CPU
		{3B10B459-CB51-4248-801F-1511FDA1563B}.Release|x64.ActiveCfg = Release|Any CPU
		{3B10B459-CB51-4248-801F-1511FDA1563B}.Release|x64.Build.0 = Release|Any CPU
		{3B10B459-CB51-4248-801F-1511FDA1563B}.Release|x86.ActiveCfg = Release|Any CPU
		{3B10B459-CB51-4248-801F-1511FDA1563B}.Release|x86.Build.0 = Release|Any CPU
		{9B85D400-41A8-4EA1-AF28-FC034359DCE4}.Debug|Any CPU.ActiveCfg = Debug|Any CPU
		{9B85D400-41A8-4EA1-AF28-FC034359DCE4}.Debug|Any CPU.Build.0 = Debug|Any CPU
		{9B85D400-41A8-4EA1-AF28-FC034359DCE4}.Debug|x64.ActiveCfg = Debug|Any CPU
		{9B85D400-41A8-4EA1-AF28-FC034359DCE4}.Debug|x64.Build.0 = Debug|Any CPU
		{9B85D400-41A8-4EA1-AF28-FC034359DCE4}.Debug|x86.ActiveCfg = Debug|Any CPU
		{9B85D400-41A8-4EA1-AF28-FC034359DCE4}.Debug|x86.Build.0 = Debug|Any CPU
		{9B85D400-41A8-4EA1-AF28-FC034359DCE4}.Release|Any CPU.ActiveCfg = Release|Any CPU
		{9B85D400-41A8-4EA1-AF28-FC034359DCE4}.Release|Any CPU.Build.0 = Release|Any CPU
		{9B85D400-41A8-4EA1-AF28-FC034359DCE4}.Release|x64.ActiveCfg = Release|Any CPU
		{9B85D400-41A8-4EA1-AF28-FC034359DCE4}.Release|x64.Build.0 = Release|Any CPU
		{9B85D400-41A8-4EA1-AF28-FC034359DCE4}.Release|x86.ActiveCfg = Release|Any CPU
		{9B85D400-41A8-4EA1-AF28-FC034359DCE4}.Release|x86.Build.0 = Release|Any CPU
		{B42E79BC-B033-4208-8C90-93034E0C4BF9}.Debug|Any CPU.ActiveCfg = Debug|Any CPU
		{B42E79BC-B033-4208-8C90-93034E0C4BF9}.Debug|Any CPU.Build.0 = Debug|Any CPU
		{B42E79BC-B033-4208-8C90-93034E0C4BF9}.Debug|x64.ActiveCfg = Debug|Any CPU
		{B42E79BC-B033-4208-8C90-93034E0C4BF9}.Debug|x64.Build.0 = Debug|Any CPU
		{B42E79BC-B033-4208-8C90-93034E0C4BF9}.Debug|x86.ActiveCfg = Debug|Any CPU
		{B42E79BC-B033-4208-8C90-93034E0C4BF9}.Debug|x86.Build.0 = Debug|Any CPU
		{B42E79BC-B033-4208-8C90-93034E0C4BF9}.Release|Any CPU.ActiveCfg = Release|Any CPU
		{B42E79BC-B033-4208-8C90-93034E0C4BF9}.Release|Any CPU.Build.0 = Release|Any CPU
		{B42E79BC-B033-4208-8C90-93034E0C4BF9}.Release|x64.ActiveCfg = Release|Any CPU
		{B42E79BC-B033-4208-8C90-93034E0C4BF9}.Release|x64.Build.0 = Release|Any CPU
		{B42E79BC-B033-4208-8C90-93034E0C4BF9}.Release|x86.ActiveCfg = Release|Any CPU
		{B42E79BC-B033-4208-8C90-93034E0C4BF9}.Release|x86.Build.0 = Release|Any CPU
		{91A48C24-4B26-4267-B0E4-39B260213035}.Debug|Any CPU.ActiveCfg = Debug|Any CPU
		{91A48C24-4B26-4267-B0E4-39B260213035}.Debug|Any CPU.Build.0 = Debug|Any CPU
		{91A48C24-4B26-4267-B0E4-39B260213035}.Debug|x64.ActiveCfg = Debug|Any CPU
		{91A48C24-4B26-4267-B0E4-39B260213035}.Debug|x64.Build.0 = Debug|Any CPU
		{91A48C24-4B26-4267-B0E4-39B260213035}.Debug|x86.ActiveCfg = Debug|Any CPU
		{91A48C24-4B26-4267-B0E4-39B260213035}.Debug|x86.Build.0 = Debug|Any CPU
		{91A48C24-4B26-4267-B0E4-39B260213035}.Release|Any CPU.ActiveCfg = Release|Any CPU
		{91A48C24-4B26-4267-B0E4-39B260213035}.Release|Any CPU.Build.0 = Release|Any CPU
		{91A48C24-4B26-4267-B0E4-39B260213035}.Release|x64.ActiveCfg = Release|Any CPU
		{91A48C24-4B26-4267-B0E4-39B260213035}.Release|x64.Build.0 = Release|Any CPU
		{91A48C24-4B26-4267-B0E4-39B260213035}.Release|x86.ActiveCfg = Release|Any CPU
		{91A48C24-4B26-4267-B0E4-39B260213035}.Release|x86.Build.0 = Release|Any CPU
	EndGlobalSection
EndGlobal
